
Microsoft Visual Studio Solution File, Format Version 12.00
# Visual Studio 15
VisualStudioVersion = 15.0.27428.2037
MinimumVisualStudioVersion = 10.0.40219.1
Project("{9A19103F-16F7-4668-BE54-9A1E7A4F7556}") = "HubEI", "HubEI\HubEI.csproj", "{FFCC596B-7397-48A8-982B-5F0F144A9135}"
EndProject
Project("{FAE04EC0-301F-11D3-BF4B-00C04F79EFBC}") = "XUnit_HubEI", "XUnit_HubEI\XUnit_HubEI.csproj", "{62662063-0B8A-41BA-8980-DC6C50910500}"
EndProject
Global
	GlobalSection(SolutionConfigurationPlatforms) = preSolution
		Debug|Any CPU = Debug|Any CPU
		Release|Any CPU = Release|Any CPU
	EndGlobalSection
	GlobalSection(ProjectConfigurationPlatforms) = postSolution
		{FFCC596B-7397-48A8-982B-5F0F144A9135}.Debug|Any CPU.ActiveCfg = Debug|Any CPU
		{FFCC596B-7397-48A8-982B-5F0F144A9135}.Debug|Any CPU.Build.0 = Debug|Any CPU
		{FFCC596B-7397-48A8-982B-5F0F144A9135}.Release|Any CPU.ActiveCfg = Release|Any CPU
		{FFCC596B-7397-48A8-982B-5F0F144A9135}.Release|Any CPU.Build.0 = Release|Any CPU
		{62662063-0B8A-41BA-8980-DC6C50910500}.Debug|Any CPU.ActiveCfg = Debug|Any CPU
		{62662063-0B8A-41BA-8980-DC6C50910500}.Debug|Any CPU.Build.0 = Debug|Any CPU
		{62662063-0B8A-41BA-8980-DC6C50910500}.Release|Any CPU.ActiveCfg = Release|Any CPU
		{62662063-0B8A-41BA-8980-DC6C50910500}.Release|Any CPU.Build.0 = Release|Any CPU
	EndGlobalSection
	GlobalSection(SolutionProperties) = preSolution
		HideSolutionNode = FALSE
	EndGlobalSection
	GlobalSection(ExtensibilityGlobals) = postSolution
		SolutionGuid = {4A93DB47-2EDB-437F-B673-34F30E7A9486}
	EndGlobalSection
EndGlobal
